Microsoft Visual Studio Solution File, Format Version 9.00
# Visual Studio 2005
Project("{8BC9CEB8-8B4A-11D0-8D11-00A0C91BC942}") = "user", "user.vcproj", "{E1F35DC1-C9FA-4207-A450-00DA3198151C}"
	ProjectSection(ProjectDependencies) = postProject
		{4677A346-82E0-4B81-B2F3-30402DD70FB8} = {4677A346-82E0-4B81-B2F3-30402DD70FB8}
		{E8072EB7-B1F2-48D4-93E3-92D94D6328AC} = {E8072EB7-B1F2-48D4-93E3-92D94D6328AC}
	EndProjectSection
EndProject
Project("{8BC9CEB8-8B4A-11D0-8D11-00A0C91BC942}") = "tcpNet", "..\..\..\..\common\tcpNet\MSVC\VC8\tcpNet.vcproj", "{4677A346-82E0-4B81-B2F3-30402DD70FB8}"
EndProject
Project("{8BC9CEB8-8B4A-11D0-8D11-00A0C91BC942}") = "database", "..\..\..\databaseServer\MSVC\VC8\database.vcproj", "{E8072EB7-B1F2-48D4-93E3-92D94D6328AC}"
EndProject
Global
	GlobalSection(SolutionConfigurationPlatforms) = preSolution
		Debug|Win32 = Debug|Win32
		Release|Win32 = Release|Win32
	EndGlobalSection
	GlobalSection(ProjectConfigurationPlatforms) = postSolution
		{E1F35DC1-C9FA-4207-A450-00DA3198151C}.Debug|Win32.ActiveCfg = Debug|Win32
		{E1F35DC1-C9FA-4207-A450-00DA3198151C}.Debug|Win32.Build.0 = Debug|Win32
		{E1F35DC1-C9FA-4207-A450-00DA3198151C}.Release|Win32.ActiveCfg = Release|Win32
		{E1F35DC1-C9FA-4207-A450-00DA3198151C}.Release|Win32.Build.0 = Release|Win32
		{4677A346-82E0-4B81-B2F3-30402DD70FB8}.Debug|Win32.ActiveCfg = Debug|Win32
		{4677A346-82E0-4B81-B2F3-30402DD70FB8}.Debug|Win32.Build.0 = Debug|Win32
		{4677A346-82E0-4B81-B2F3-30402DD70FB8}.Release|Win32.ActiveCfg = Release|Win32
		{4677A346-82E0-4B81-B2F3-30402DD70FB8}.Release|Win32.Build.0 = Release|Win32
		{E8072EB7-B1F2-48D4-93E3-92D94D6328AC}.Debug|Win32.ActiveCfg = Debug|Win32
		{E8072EB7-B1F2-48D4-93E3-92D94D6328AC}.Debug|Win32.Build.0 = Debug|Win32
		{E8072EB7-B1F2-48D4-93E3-92D94D6328AC}.Release|Win32.ActiveCfg = Release|Win32
		{E8072EB7-B1F2-48D4-93E3-92D94D6328AC}.Release|Win32.Build.0 = Release|Win32
	EndGlobalSection
	GlobalSection(SolutionProperties) = preSolution
		HideSolutionNode = FALSE
	EndGlobalSection
EndGlobal
