
Microsoft Visual Studio Solution File, Format Version 9.00
# Visual Studio 2005
Project("{FAE04EC0-301F-11D3-BF4B-00C04F79EFBC}") = "clientRPC", "clientRPC.csproj", "{116EEA5E-1844-4278-8920-45D0AE614443}"
	ProjectSection(ProjectDependencies) = postProject
		{8EF0FC3F-47EA-4102-ADB6-AED974330CE2} = {8EF0FC3F-47EA-4102-ADB6-AED974330CE2}
	EndProjectSection
EndProject
Project("{FAE04EC0-301F-11D3-BF4B-00C04F79EFBC}") = "callingParam", "..\callingParam\callingParam.csproj", "{8EF0FC3F-47EA-4102-ADB6-AED974330CE2}"
EndProject
Project("{FAE04EC0-301F-11D3-BF4B-00C04F79EFBC}") = "clientNetGlobals", "..\clientNetGlobals\clientNetGlobals.csproj", "{0FC71890-4666-47A8-8A83-D91D13AA118C}"
	ProjectSection(ProjectDependencies) = postProject
		{8EF0FC3F-47EA-4102-ADB6-AED974330CE2} = {8EF0FC3F-47EA-4102-ADB6-AED974330CE2}
	EndProjectSection
EndProject
Global
	GlobalSection(SolutionConfigurationPlatforms) = preSolution
		Debug|Any CPU = Debug|Any CPU
		Release|Any CPU = Release|Any CPU
	EndGlobalSection
	GlobalSection(ProjectConfigurationPlatforms) = postSolution
		{116EEA5E-1844-4278-8920-45D0AE614443}.Debug|Any CPU.ActiveCfg = Debug|Any CPU
		{116EEA5E-1844-4278-8920-45D0AE614443}.Debug|Any CPU.Build.0 = Debug|Any CPU
		{116EEA5E-1844-4278-8920-45D0AE614443}.Release|Any CPU.ActiveCfg = Release|Any CPU
		{116EEA5E-1844-4278-8920-45D0AE614443}.Release|Any CPU.Build.0 = Release|Any CPU
		{8EF0FC3F-47EA-4102-ADB6-AED974330CE2}.Debug|Any CPU.ActiveCfg = Debug|Any CPU
		{8EF0FC3F-47EA-4102-ADB6-AED974330CE2}.Debug|Any CPU.Build.0 = Debug|Any CPU
		{8EF0FC3F-47EA-4102-ADB6-AED974330CE2}.Release|Any CPU.ActiveCfg = Release|Any CPU
		{8EF0FC3F-47EA-4102-ADB6-AED974330CE2}.Release|Any CPU.Build.0 = Release|Any CPU
		{0FC71890-4666-47A8-8A83-D91D13AA118C}.Debug|Any CPU.ActiveCfg = Debug|Any CPU
		{0FC71890-4666-47A8-8A83-D91D13AA118C}.Debug|Any CPU.Build.0 = Debug|Any CPU
		{0FC71890-4666-47A8-8A83-D91D13AA118C}.Release|Any CPU.ActiveCfg = Release|Any CPU
		{0FC71890-4666-47A8-8A83-D91D13AA118C}.Release|Any CPU.Build.0 = Release|Any CPU
	EndGlobalSection
	GlobalSection(SolutionProperties) = preSolution
		HideSolutionNode = FALSE
	EndGlobalSection
EndGlobal
